
Microsoft Visual Studio Solution File, Format Version 12.00
# Visual Studio Version 17
VisualStudioVersion = 17.3.32922.545
MinimumVisualStudioVersion = 10.0.40219.1
Project("{FAE04EC0-301F-11D3-BF4B-00C04F79EFBC}") = "WSDemo", "WSDemo.csproj", "{12FA2746-5A56-4AE8-A824-F5E6B2F6A135}"
EndProject
Global
	GlobalSection(SolutionConfigurationPlatforms) = preSolution
		Debug|Any CPU = Debug|Any CPU
		Release|Any CPU = Release|Any CPU
	EndGlobalSection
	GlobalSection(ProjectConfigurationPlatforms) = postSolution
		{12FA2746-5A56-4AE8-A824-F5E6B2F6A135}.Debug|Any CPU.ActiveCfg = Debug|Any CPU
		{12FA2746-5A56-4AE8-A824-F5E6B2F6A135}.Debug|Any CPU.Build.0 = Debug|Any CPU
		{12FA2746-5A56-4AE8-A824-F5E6B2F6A135}.Release|Any CPU.ActiveCfg = Release|Any CPU
		{12FA2746-5A56-4AE8-A824-F5E6B2F6A135}.Release|Any CPU.Build.0 = Release|Any CPU
	EndGlobalSection
	GlobalSection(SolutionProperties) = preSolution
		HideSolutionNode = FALSE
	EndGlobalSection
	GlobalSection(ExtensibilityGlobals) = postSolution
		SolutionGuid = {C4F0FB3F-08BA-428C-BF91-445C9CF4CB57}
	EndGlobalSection
EndGlobal
